<?xml version="1.0" encoding="utf-8"?>
<Project ToolsVersion="4.0" xmlns="http://schemas.microsoft.com/developer/msbuild/2003">
  <ItemGroup>
    <Filter Include="Resource Files">
      <UniqueIdentifier>{67DA6AB6-F800-4c08-8B7A-83BB121AAD01}</UniqueIdentifier>
      <Extensions>rc;ico;cur;bmp;dlg;rc2;rct;bin;rgs;gif;jpg;jpeg;jpe;resx;tiff;tif;png;wav;mfcribbon-ms</Extensions>
    </Filter>
    <Filter Include="ImGui">
      <UniqueIdentifier>{9a284b6d-3c11-4596-ac05-fb89bf84aa93}</UniqueIdentifier>
    </Filter>
    <Filter Include="Entrypoint">
      <UniqueIdentifier>{3a2ed8c7-6d83-4323-a6ab-faa20c082bf5}</UniqueIdentifier>
    </Filter>
    <Filter Include="UI">
      <UniqueIdentifier>{8ada7e93-f0ea-424b-b815-b8f106e50f6c}</UniqueIdentifier>
    </Filter>
  </ItemGroup>
  <ItemGroup>
    <ClInclude Include="targetver.h">
      <Filter>Entrypoint</Filter>
    </ClInclude>
    <ClInclude Include="framework.h">
      <Filter>Entrypoint</Filter>
    </ClInclude>
    <ClInclude Include="main.h">
      <Filter>Entrypoint</Filter>
    </ClInclude>
    <ClInclude Include="pch.h">
      <Filter>Entrypoint</Filter>
    </ClInclude>
    <ClInclude Include="Resource.h">
      <Filter>Entrypoint</Filter>
    </ClInclude>
    <ClInclude Include="Application.hpp" />
    <ClInclude Include="UI\MainUI.hpp">
      <Filter>UI</Filter>
    </ClInclude>
  </ItemGroup>
  <ItemGroup>
    <ClCompile Include="ImGui\imgui.cpp">
      <Filter>ImGui</Filter>
    </ClCompile>
    <ClCompile Include="ImGui\imgui_demo.cpp">
      <Filter>ImGui</Filter>
    </ClCompile>
    <ClCompile Include="ImGui\imgui_draw.cpp">
      <Filter>ImGui</Filter>
    </ClCompile>
    <ClCompile Include="ImGui\imgui_tables.cpp">
      <Filter>ImGui</Filter>
    </ClCompile>
    <ClCompile Include="ImGui\imgui_widgets.cpp">
      <Filter>ImGui</Filter>
    </ClCompile>
    <ClCompile Include="ImGui\imgui_impl_dx11.cpp">
      <Filter>ImGui</Filter>
    </ClCompile>
    <ClCompile Include="ImGui\imgui_impl_win32.cpp">
      <Filter>ImGui</Filter>
    </ClCompile>
    <ClCompile Include="main.cpp">
      <Filter>Entrypoint</Filter>
    </ClCompile>
    <ClCompile Include="pch.cpp">
      <Filter>Entrypoint</Filter>
    </ClCompile>
    <ClCompile Include="Application.cpp" />
    <ClCompile Include="UI\MainUI.cpp">
      <Filter>UI</Filter>
    </ClCompile>
  </ItemGroup>
  <ItemGroup>
    <ResourceCompile Include="Cyclone.rc">
      <Filter>Resource Files</Filter>
    </ResourceCompile>
  </ItemGroup>
  <ItemGroup>
    <Image Include="small.ico">
      <Filter>Resource Files</Filter>
    </Image>
    <Image Include="Cyclone.ico">
      <Filter>Resource Files</Filter>
    </Image>
  </ItemGroup>
</Project>